
Microsoft Visual Studio Solution File, Format Version 12.00
# Visual Studio Version 16
VisualStudioVersion = 16.0.29123.88
MinimumVisualStudioVersion = 10.0.40219.1
Project("{FAE04EC0-301F-11D3-BF4B-00C04F79EFBC}") = "DPHD", "DPHD.csproj", "{A062A93A-3050-4B68-B0A6-CCEB00928BDB}"
EndProject
Global
	GlobalSection(SolutionConfigurationPlatforms) = preSolution
		Debug|Any CPU = Debug|Any CPU
		Release|Any CPU = Release|Any CPU
	EndGlobalSection
	GlobalSection(ProjectConfigurationPlatforms) = postSolution
		{A062A93A-3050-4B68-B0A6-CCEB00928BDB}.Debug|Any CPU.ActiveCfg = Debug|Any CPU
		{A062A93A-3050-4B68-B0A6-CCEB00928BDB}.Debug|Any CPU.Build.0 = Debug|Any CPU
		{A062A93A-3050-4B68-B0A6-CCEB00928BDB}.Release|Any CPU.ActiveCfg = Release|Any CPU
		{A062A93A-3050-4B68-B0A6-CCEB00928BDB}.Release|Any CPU.Build.0 = Release|Any CPU
	EndGlobalSection
	GlobalSection(SolutionProperties) = preSolution
		HideSolutionNode = FALSE
	EndGlobalSection
	GlobalSection(ExtensibilityGlobals) = postSolution
		SolutionGuid = {2550F86B-266E-4974-BD94-6610E36FA8C3}
	EndGlobalSection
EndGlobal
